{
  "name": "myEcharts",
  "lockfileVersion": 2,
  "requires": true,
  "packages": {
    "": {
      "dependencies": {
        "thing": "^1.0.1"
      }
    },
    "node_modules/thing": {
      "version": "1.0.1",
      "resolved": "https://registry.npmmirror.com/thing/-/thing-1.0.1.tgz",
      "integrity": "sha512-yVrGNT4lNh4xqfilrfmQ8jOzsNhMiTE/6m94OwFRFoOGhnp+49WBnSkOoencdSwc7vuitGyAxWHg/7/oo6Wczg=="
    }
  },
  "dependencies": {
    "thing": {
      "version": "1.0.1",
      "resolved": "https://registry.npmmirror.com/thing/-/thing-1.0.1.tgz",
      "integrity": "sha512-yVrGNT4lNh4xqfilrfmQ8jOzsNhMiTE/6m94OwFRFoOGhnp+49WBnSkOoencdSwc7vuitGyAxWHg/7/oo6Wczg=="
    }
  }
}
